
Microsoft Visual Studio Solution File, Format Version 12.00
# Visual Studio 2012
Project("{FAE04EC0-301F-11D3-BF4B-00C04F79EFBC}") = "WorldCupMap", "WorldCupMap\WorldCupMap.csproj", "{00B37A2A-AEDC-4309-8A93-3A5ECDF133FC}"
EndProject
Global
	GlobalSection(SolutionConfigurationPlatforms) = preSolution
		Debug|iPhoneSimulator = Debug|iPhoneSimulator
		Release|iPhoneSimulator = Release|iPhoneSimulator
		Debug|iPhone = Debug|iPhone
		Release|iPhone = Release|iPhone
		Ad-Hoc|iPhone = Ad-Hoc|iPhone
		AppStore|iPhone = AppStore|iPhone
	EndGlobalSection
	GlobalSection(ProjectConfigurationPlatforms) = postSolution
		{00B37A2A-AEDC-4309-8A93-3A5ECDF133FC}.Ad-Hoc|iPhone.ActiveCfg = Ad-Hoc|iPhone
		{00B37A2A-AEDC-4309-8A93-3A5ECDF133FC}.Ad-Hoc|iPhone.Build.0 = Ad-Hoc|iPhone
		{00B37A2A-AEDC-4309-8A93-3A5ECDF133FC}.AppStore|iPhone.ActiveCfg = AppStore|iPhone
		{00B37A2A-AEDC-4309-8A93-3A5ECDF133FC}.AppStore|iPhone.Build.0 = AppStore|iPhone
		{00B37A2A-AEDC-4309-8A93-3A5ECDF133FC}.Debug|iPhone.ActiveCfg = Debug|iPhone
		{00B37A2A-AEDC-4309-8A93-3A5ECDF133FC}.Debug|iPhone.Build.0 = Debug|iPhone
		{00B37A2A-AEDC-4309-8A93-3A5ECDF133FC}.Debug|iPhoneSimulator.ActiveCfg = Debug|iPhoneSimulator
		{00B37A2A-AEDC-4309-8A93-3A5ECDF133FC}.Debug|iPhoneSimulator.Build.0 = Debug|iPhoneSimulator
		{00B37A2A-AEDC-4309-8A93-3A5ECDF133FC}.Release|iPhone.ActiveCfg = Release|iPhone
		{00B37A2A-AEDC-4309-8A93-3A5ECDF133FC}.Release|iPhone.Build.0 = Release|iPhone
		{00B37A2A-AEDC-4309-8A93-3A5ECDF133FC}.Release|iPhoneSimulator.ActiveCfg = Release|iPhoneSimulator
		{00B37A2A-AEDC-4309-8A93-3A5ECDF133FC}.Release|iPhoneSimulator.Build.0 = Release|iPhoneSimulator
	EndGlobalSection
	GlobalSection(MonoDevelopProperties) = preSolution
		StartupItem = WorldCupMap\WorldCupMap.csproj
	EndGlobalSection
EndGlobal
